
Microsoft Visual Studio Solution File, Format Version 12.00
# Visual Studio Version 16
VisualStudioVersion = 16.0.31321.278
MinimumVisualStudioVersion = 10.0.40219.1
Project("{FAE04EC0-301F-11D3-BF4B-00C04F79EFBC}") = "TaskJunior4", "TaskJunior4\TaskJunior4.csproj", "{CD6D9658-B06E-4DFE-A09E-8B1BECD1D624}"
EndProject
Global
	GlobalSection(SolutionConfigurationPlatforms) = preSolution
		Debug|Any CPU = Debug|Any CPU
		Release|Any CPU = Release|Any CPU
	EndGlobalSection
	GlobalSection(ProjectConfigurationPlatforms) = postSolution
		{CD6D9658-B06E-4DFE-A09E-8B1BECD1D624}.Debug|Any CPU.ActiveCfg = Debug|Any CPU
		{CD6D9658-B06E-4DFE-A09E-8B1BECD1D624}.Debug|Any CPU.Build.0 = Debug|Any CPU
		{CD6D9658-B06E-4DFE-A09E-8B1BECD1D624}.Release|Any CPU.ActiveCfg = Release|Any CPU
		{CD6D9658-B06E-4DFE-A09E-8B1BECD1D624}.Release|Any CPU.Build.0 = Release|Any CPU
	EndGlobalSection
	GlobalSection(SolutionProperties) = preSolution
		HideSolutionNode = FALSE
	EndGlobalSection
	GlobalSection(ExtensibilityGlobals) = postSolution
		SolutionGuid = {5F8C932D-7B02-45B9-9FC5-8424863523CE}
	EndGlobalSection
EndGlobal
